// !$*UTF8*$!
{
	archiveVersion = 1;
	classes = {
	};
	objectVersion = 46;
	objects = {

/* Begin PBXBuildFile section */
		0AE4C9901EB4B74700AC0ED0 /* main.m in Sources */ = {isa = PBXBuildFile; fileRef = 0AE4C98F1EB4B74700AC0ED0 /* main.m */; };
		0AE4C9931EB4B74700AC0ED0 /* AppDelegate.m in Sources */ = {isa = PBXBuildFile; fileRef = 0AE4C9921EB4B74700AC0ED0 /* AppDelegate.m */; };
		0AE4C9991EB4B74700AC0ED0 /* Main.storyboard in Resources */ = {isa = PBXBuildFile; fileRef = 0AE4C9971EB4B74700AC0ED0 /* Main.storyboard */; };
		0AE4C99B1EB4B74700AC0ED0 /* Assets.xcassets in Resources */ = {isa = PBXBuildFile; fileRef = 0AE4C99A1EB4B74700AC0ED0 /* Assets.xcassets */; };
		0AE4C99E1EB4B74700AC0ED0 /* LaunchScreen.storyboard in Resources */ = {isa = PBXBuildFile; fileRef = 0AE4C99C1EB4B74700AC0ED0 /* LaunchScreen.storyboard */; };
		686FF18A1F960603007F90AA /* OnlineSectionHeaderView.m in Sources */ = {isa = PBXBuildFile; fileRef = 686FF1891F960603007F90AA /* OnlineSectionHeaderView.m */; };
		68CF6C231F7917E700BA19AB /* OnlineApplicationViewController.m in Sources */ = {isa = PBXBuildFile; fileRef = 68CF6C221F7917E700BA19AB /* OnlineApplicationViewController.m */; };
		68CF6C2B1F79248300BA19AB /* NSString+YYQExtension.m in Sources */ = {isa = PBXBuildFile; fileRef = 68CF6C2A1F79248300BA19AB /* NSString+YYQExtension.m */; };
		68CF6C2E1F79285E00BA19AB /* UITableViewMaterialCell.m in Sources */ = {isa = PBXBuildFile; fileRef = 68CF6C2D1F79285E00BA19AB /* UITableViewMaterialCell.m */; };
		68CF6C311F7928EC00BA19AB /* MaterialModel.m in Sources */ = {isa = PBXBuildFile; fileRef = 68CF6C301F7928EC00BA19AB /* MaterialModel.m */; };
		68CF6C341F79357900BA19AB /* MaterialBtn.m in Sources */ = {isa = PBXBuildFile; fileRef = 68CF6C331F79357900BA19AB /* MaterialBtn.m */; };
		68E292D31F79D75E0096AEE9 /* SubMaterialView.m in Sources */ = {isa = PBXBuildFile; fileRef = 68E292D21F79D75E0096AEE9 /* SubMaterialView.m */; };
		68E292EB1F7A29030096AEE9 /* PhotoPickCollectionViewCell.m in Sources */ = {isa = PBXBuildFile; fileRef = 68E292D71F7A29030096AEE9 /* PhotoPickCollectionViewCell.m */; };
		68E292EC1F7A29030096AEE9 /* YQAlbumListTableViewCell.m in Sources */ = {isa = PBXBuildFile; fileRef = 68E292D91F7A29030096AEE9 /* YQAlbumListTableViewCell.m */; };
		68E292ED1F7A29030096AEE9 /* YQAlbumListTableViewCell.xib in Resources */ = {isa = PBXBuildFile; fileRef = 68E292DA1F7A29030096AEE9 /* YQAlbumListTableViewCell.xib */; };
		68E292EE1F7A29030096AEE9 /* YQPhotoSelector.bundle in Resources */ = {isa = PBXBuildFile; fileRef = 68E292DB1F7A29030096AEE9 /* YQPhotoSelector.bundle */; };
		68E292EF1F7A29030096AEE9 /* YQPhotoSelectorHUD.m in Sources */ = {isa = PBXBuildFile; fileRef = 68E292DD1F7A29030096AEE9 /* YQPhotoSelectorHUD.m */; };
		68E292F01F7A29030096AEE9 /* YQPhotoSelectorToolView.m in Sources */ = {isa = PBXBuildFile; fileRef = 68E292DF1F7A29030096AEE9 /* YQPhotoSelectorToolView.m */; };
		68E292F11F7A29040096AEE9 /* YQAlbumListViewController.m in Sources */ = {isa = PBXBuildFile; fileRef = 68E292E11F7A29030096AEE9 /* YQAlbumListViewController.m */; };
		68E292F21F7A29040096AEE9 /* YQPhotoAnimationMnager.m in Sources */ = {isa = PBXBuildFile; fileRef = 68E292E31F7A29030096AEE9 /* YQPhotoAnimationMnager.m */; };
		68E292F31F7A29040096AEE9 /* YQPhotoHelper.m in Sources */ = {isa = PBXBuildFile; fileRef = 68E292E51F7A29030096AEE9 /* YQPhotoHelper.m */; };
		68E292F41F7A29040096AEE9 /* YQPhotoPickViewController.m in Sources */ = {isa = PBXBuildFile; fileRef = 68E292E71F7A29030096AEE9 /* YQPhotoPickViewController.m */; };
		68E292F51F7A29040096AEE9 /* YQPhotoSelectController.m in Sources */ = {isa = PBXBuildFile; fileRef = 68E292E91F7A29030096AEE9 /* YQPhotoSelectController.m */; };
		68E293061F7A2D470096AEE9 /* MJPhoto.m in Sources */ = {isa = PBXBuildFile; fileRef = 68E292F81F7A2D470096AEE9 /* MJPhoto.m */; };
		68E293071F7A2D470096AEE9 /* MJPhotoBrowser.bundle in Resources */ = {isa = PBXBuildFile; fileRef = 68E292F91F7A2D470096AEE9 /* MJPhotoBrowser.bundle */; };
		68E293081F7A2D470096AEE9 /* MJPhotoBrowser.m in Sources */ = {isa = PBXBuildFile; fileRef = 68E292FB1F7A2D470096AEE9 /* MJPhotoBrowser.m */; };
		68E293091F7A2D470096AEE9 /* MJPhotoLoadingView.m in Sources */ = {isa = PBXBuildFile; fileRef = 68E292FD1F7A2D470096AEE9 /* MJPhotoLoadingView.m */; };
		68E2930A1F7A2D470096AEE9 /* MJPhotoProgressView.m in Sources */ = {isa = PBXBuildFile; fileRef = 68E292FF1F7A2D470096AEE9 /* MJPhotoProgressView.m */; };
		68E2930B1F7A2D470096AEE9 /* MJPhotoToolbar.m in Sources */ = {isa = PBXBuildFile; fileRef = 68E293011F7A2D470096AEE9 /* MJPhotoToolbar.m */; };
		68E2930C1F7A2D470096AEE9 /* MJPhotoView.m in Sources */ = {isa = PBXBuildFile; fileRef = 68E293031F7A2D470096AEE9 /* MJPhotoView.m */; };
		68E2930D1F7A2D470096AEE9 /* SDWebImageManager+MJ.m in Sources */ = {isa = PBXBuildFile; fileRef = 68E293051F7A2D470096AEE9 /* SDWebImageManager+MJ.m */; };
		68EB446D1F975A1600FD81CD /* UIScrollView+MPAdjustment.m in Sources */ = {isa = PBXBuildFile; fileRef = 68EB446C1F975A1600FD81CD /* UIScrollView+MPAdjustment.m */; };
		7942DF0A64F89BFE40E971FD /* libPods-LYPhotoSelector.a in Frameworks */ = {isa = PBXBuildFile; fileRef = F1589F08E1AA1E64705DA808 /* libPods-LYPhotoSelector.a */; };
/* End PBXBuildFile section */

/* Begin PBXContainerItemProxy section */
		0AE4C9A51EB4B74700AC0ED0 /* PBXContainerItemProxy */ = {
			isa = PBXContainerItemProxy;
			containerPortal = 0AE4C9831EB4B74600AC0ED0 /* Project object */;
			proxyType = 1;
			remoteGlobalIDString = 0AE4C98A1EB4B74600AC0ED0;
			remoteInfo = LYPhotoSelector;
		};
/* End PBXContainerItemProxy section */

/* Begin PBXFileReference section */
		0AE4C98B1EB4B74700AC0ED0 /* LYPhotoSelector.app */ = {isa = PBXFileReference; explicitFileType = wrapper.application; includeInIndex = 0; path = LYPhotoSelector.app; sourceTree = BUILT_PRODUCTS_DIR; };
		0AE4C98F1EB4B74700AC0ED0 /* main.m */ = {isa = PBXFileReference; lastKnownFileType = sourcecode.c.objc; path = main.m; sourceTree = "<group>"; };
		0AE4C9911EB4B74700AC0ED0 /* AppDelegate.h */ = {isa = PBXFileReference; lastKnownFileType = sourcecode.c.h; path = AppDelegate.h; sourceTree = "<group>"; };
		0AE4C9921EB4B74700AC0ED0 /* AppDelegate.m */ = {isa = PBXFileReference; lastKnownFileType = sourcecode.c.objc; path = AppDelegate.m; sourceTree = "<group>"; };
		0AE4C9981EB4B74700AC0ED0 /* Base */ = {isa = PBXFileReference; lastKnownFileType = file.storyboard; name = Base; path = Base.lproj/Main.storyboard; sourceTree = "<group>"; };
		0AE4C99A1EB4B74700AC0ED0 /* Assets.xcassets */ = {isa = PBXFileReference; lastKnownFileType = folder.assetcatalog; path = Assets.xcassets; sourceTree = "<group>"; };
		0AE4C99D1EB4B74700AC0ED0 /* Base */ = {isa = PBXFileReference; lastKnownFileType = file.storyboard; name = Base; path = Base.lproj/LaunchScreen.storyboard; sourceTree = "<group>"; };
		0AE4C99F1EB4B74700AC0ED0 /* Info.plist */ = {isa = PBXFileReference; lastKnownFileType = text.plist.xml; path = Info.plist; sourceTree = "<group>"; };
		0AE4C9A41EB4B74700AC0ED0 /* LYPhotoSelectorTests.xctest */ = {isa = PBXFileReference; explicitFileType = wrapper.cfbundle; includeInIndex = 0; path = LYPhotoSelectorTests.xctest; sourceTree = BUILT_PRODUCTS_DIR; };
		0AE4C9A81EB4B74700AC0ED0 /* LYPhotoSelectorTests.m */ = {isa = PBXFileReference; lastKnownFileType = sourcecode.c.objc; path = LYPhotoSelectorTests.m; sourceTree = "<group>"; };
		0AE4C9AA1EB4B74700AC0ED0 /* Info.plist */ = {isa = PBXFileReference; lastKnownFileType = text.plist.xml; path = Info.plist; sourceTree = "<group>"; };
		2F73697B6AFCFBD937A064AC /* Pods-LYPhotoSelector.release.xcconfig */ = {isa = PBXFileReference; includeInIndex = 1; lastKnownFileType = text.xcconfig; name = "Pods-LYPhotoSelector.release.xcconfig"; path = "Pods/Target Support Files/Pods-LYPhotoSelector/Pods-LYPhotoSelector.release.xcconfig"; sourceTree = "<group>"; };
		5D604D974DCC06C208AE14A1 /* Pods-LYPhotoSelector.debug.xcconfig */ = {isa = PBXFileReference; includeInIndex = 1; lastKnownFileType = text.xcconfig; name = "Pods-LYPhotoSelector.debug.xcconfig"; path = "Pods/Target Support Files/Pods-LYPhotoSelector/Pods-LYPhotoSelector.debug.xcconfig"; sourceTree = "<group>"; };
		686FF1881F960603007F90AA /* OnlineSectionHeaderView.h */ = {isa = PBXFileReference; lastKnownFileType = sourcecode.c.h; path = OnlineSectionHeaderView.h; sourceTree = "<group>"; };
		686FF1891F960603007F90AA /* OnlineSectionHeaderView.m */ = {isa = PBXFileReference; lastKnownFileType = sourcecode.c.objc; path = OnlineSectionHeaderView.m; sourceTree = "<group>"; };
		68CF6C211F7917E700BA19AB /* OnlineApplicationViewController.h */ = {isa = PBXFileReference; lastKnownFileType = sourcecode.c.h; path = OnlineApplicationViewController.h; sourceTree = "<group>"; };
		68CF6C221F7917E700BA19AB /* OnlineApplicationViewController.m */ = {isa = PBXFileReference; lastKnownFileType = sourcecode.c.objc; path = OnlineApplicationViewController.m; sourceTree = "<group>"; };
		68CF6C271F7920CB00BA19AB /* OnlineConst.h */ = {isa = PBXFileReference; lastKnownFileType = sourcecode.c.h; path = OnlineConst.h; sourceTree = "<group>"; };
		68CF6C291F79248300BA19AB /* NSString+YYQExtension.h */ = {isa = PBXFileReference; fileEncoding = 4; lastKnownFileType = sourcecode.c.h; path = "NSString+YYQExtension.h"; sourceTree = "<group>"; };
		68CF6C2A1F79248300BA19AB /* NSString+YYQExtension.m */ = {isa = PBXFileReference; fileEncoding = 4; lastKnownFileType = sourcecode.c.objc; path = "NSString+YYQExtension.m"; sourceTree = "<group>"; };
		68CF6C2C1F79285E00BA19AB /* UITableViewMaterialCell.h */ = {isa = PBXFileReference; lastKnownFileType = sourcecode.c.h; path = UITableViewMaterialCell.h; sourceTree = "<group>"; };
		68CF6C2D1F79285E00BA19AB /* UITableViewMaterialCell.m */ = {isa = PBXFileReference; lastKnownFileType = sourcecode.c.objc; path = UITableViewMaterialCell.m; sourceTree = "<group>"; };
		68CF6C2F1F7928EC00BA19AB /* MaterialModel.h */ = {isa = PBXFileReference; lastKnownFileType = sourcecode.c.h; path = MaterialModel.h; sourceTree = "<group>"; };
		68CF6C301F7928EC00BA19AB /* MaterialModel.m */ = {isa = PBXFileReference; lastKnownFileType = sourcecode.c.objc; path = MaterialModel.m; sourceTree = "<group>"; };
		68CF6C321F79357900BA19AB /* MaterialBtn.h */ = {isa = PBXFileReference; lastKnownFileType = sourcecode.c.h; path = MaterialBtn.h; sourceTree = "<group>"; };
		68CF6C331F79357900BA19AB /* MaterialBtn.m */ = {isa = PBXFileReference; lastKnownFileType = sourcecode.c.objc; path = MaterialBtn.m; sourceTree = "<group>"; };
		68E292D11F79D75E0096AEE9 /* SubMaterialView.h */ = {isa = PBXFileReference; lastKnownFileType = sourcecode.c.h; path = SubMaterialView.h; sourceTree = "<group>"; };
		68E292D21F79D75E0096AEE9 /* SubMaterialView.m */ = {isa = PBXFileReference; lastKnownFileType = sourcecode.c.objc; path = SubMaterialView.m; sourceTree = "<group>"; };
		68E292D61F7A29030096AEE9 /* PhotoPickCollectionViewCell.h */ = {isa = PBXFileReference; fileEncoding = 4; lastKnownFileType = sourcecode.c.h; path = PhotoPickCollectionViewCell.h; sourceTree = "<group>"; };
		68E292D71F7A29030096AEE9 /* PhotoPickCollectionViewCell.m */ = {isa = PBXFileReference; fileEncoding = 4; lastKnownFileType = sourcecode.c.objc; path = PhotoPickCollectionViewCell.m; sourceTree = "<group>"; };
		68E292D81F7A29030096AEE9 /* YQAlbumListTableViewCell.h */ = {isa = PBXFileReference; fileEncoding = 4; lastKnownFileType = sourcecode.c.h; path = YQAlbumListTableViewCell.h; sourceTree = "<group>"; };
		68E292D91F7A29030096AEE9 /* YQAlbumListTableViewCell.m */ = {isa = PBXFileReference; fileEncoding = 4; lastKnownFileType = sourcecode.c.objc; path = YQAlbumListTableViewCell.m; sourceTree = "<group>"; };
		68E292DA1F7A29030096AEE9 /* YQAlbumListTableViewCell.xib */ = {isa = PBXFileReference; fileEncoding = 4; lastKnownFileType = file.xib; path = YQAlbumListTableViewCell.xib; sourceTree = "<group>"; };
		68E292DB1F7A29030096AEE9 /* YQPhotoSelector.bundle */ = {isa = PBXFileReference; lastKnownFileType = "wrapper.plug-in"; path = YQPhotoSelector.bundle; sourceTree = "<group>"; };
		68E292DC1F7A29030096AEE9 /* YQPhotoSelectorHUD.h */ = {isa = PBXFileReference; fileEncoding = 4; lastKnownFileType = sourcecode.c.h; path = YQPhotoSelectorHUD.h; sourceTree = "<group>"; };
		68E292DD1F7A29030096AEE9 /* YQPhotoSelectorHUD.m */ = {isa = PBXFileReference; fileEncoding = 4; lastKnownFileType = sourcecode.c.objc; path = YQPhotoSelectorHUD.m; sourceTree = "<group>"; };
		68E292DE1F7A29030096AEE9 /* YQPhotoSelectorToolView.h */ = {isa = PBXFileReference; fileEncoding = 4; lastKnownFileType = sourcecode.c.h; path = YQPhotoSelectorToolView.h; sourceTree = "<group>"; };
		68E292DF1F7A29030096AEE9 /* YQPhotoSelectorToolView.m */ = {isa = PBXFileReference; fileEncoding = 4; lastKnownFileType = sourcecode.c.objc; path = YQPhotoSelectorToolView.m; sourceTree = "<group>"; };
		68E292E01F7A29030096AEE9 /* YQAlbumListViewController.h */ = {isa = PBXFileReference; fileEncoding = 4; lastKnownFileType = sourcecode.c.h; path = YQAlbumListViewController.h; sourceTree = "<group>"; };
		68E292E11F7A29030096AEE9 /* YQAlbumListViewController.m */ = {isa = PBXFileReference; fileEncoding = 4; lastKnownFileType = sourcecode.c.objc; path = YQAlbumListViewController.m; sourceTree = "<group>"; };
		68E292E21F7A29030096AEE9 /* YQPhotoAnimationMnager.h */ = {isa = PBXFileReference; fileEncoding = 4; lastKnownFileType = sourcecode.c.h; path = YQPhotoAnimationMnager.h; sourceTree = "<group>"; };
		68E292E31F7A29030096AEE9 /* YQPhotoAnimationMnager.m */ = {isa = PBXFileReference; fileEncoding = 4; lastKnownFileType = sourcecode.c.objc; path = YQPhotoAnimationMnager.m; sourceTree = "<group>"; };
		68E292E41F7A29030096AEE9 /* YQPhotoHelper.h */ = {isa = PBXFileReference; fileEncoding = 4; lastKnownFileType = sourcecode.c.h; path = YQPhotoHelper.h; sourceTree = "<group>"; };
		68E292E51F7A29030096AEE9 /* YQPhotoHelper.m */ = {isa = PBXFileReference; fileEncoding = 4; lastKnownFileType = sourcecode.c.objc; path = YQPhotoHelper.m; sourceTree = "<group>"; };
		68E292E61F7A29030096AEE9 /* YQPhotoPickViewController.h */ = {isa = PBXFileReference; fileEncoding = 4; lastKnownFileType = sourcecode.c.h; path = YQPhotoPickViewController.h; sourceTree = "<group>"; };
		68E292E71F7A29030096AEE9 /* YQPhotoPickViewController.m */ = {isa = PBXFileReference; fileEncoding = 4; lastKnownFileType = sourcecode.c.objc; path = YQPhotoPickViewController.m; sourceTree = "<group>"; };
		68E292E81F7A29030096AEE9 /* YQPhotoSelectController.h */ = {isa = PBXFileReference; fileEncoding = 4; lastKnownFileType = sourcecode.c.h; path = YQPhotoSelectController.h; sourceTree = "<group>"; };
		68E292E91F7A29030096AEE9 /* YQPhotoSelectController.m */ = {isa = PBXFileReference; fileEncoding = 4; lastKnownFileType = sourcecode.c.objc; path = YQPhotoSelectController.m; sourceTree = "<group>"; };
		68E292EA1F7A29030096AEE9 /* YQSelectorCommon.h */ = {isa = PBXFileReference; fileEncoding = 4; lastKnownFileType = sourcecode.c.h; path = YQSelectorCommon.h; sourceTree = "<group>"; };
		68E292F71F7A2D470096AEE9 /* MJPhoto.h */ = {isa = PBXFileReference; fileEncoding = 4; lastKnownFileType = sourcecode.c.h; path = MJPhoto.h; sourceTree = "<group>"; };
		68E292F81F7A2D470096AEE9 /* MJPhoto.m */ = {isa = PBXFileReference; fileEncoding = 4; lastKnownFileType = sourcecode.c.objc; path = MJPhoto.m; sourceTree = "<group>"; };
		68E292F91F7A2D470096AEE9 /* MJPhotoBrowser.bundle */ = {isa = PBXFileReference; lastKnownFileType = "wrapper.plug-in"; path = MJPhotoBrowser.bundle; sourceTree = "<group>"; };
		68E292FA1F7A2D470096AEE9 /* MJPhotoBrowser.h */ = {isa = PBXFileReference; fileEncoding = 4; lastKnownFileType = sourcecode.c.h; path = MJPhotoBrowser.h; sourceTree = "<group>"; };
		68E292FB1F7A2D470096AEE9 /* MJPhotoBrowser.m */ = {isa = PBXFileReference; fileEncoding = 4; lastKnownFileType = sourcecode.c.objc; path = MJPhotoBrowser.m; sourceTree = "<group>"; };
		68E292FC1F7A2D470096AEE9 /* MJPhotoLoadingView.h */ = {isa = PBXFileReference; fileEncoding = 4; lastKnownFileType = sourcecode.c.h; path = MJPhotoLoadingView.h; sourceTree = "<group>"; };
		68E292FD1F7A2D470096AEE9 /* MJPhotoLoadingView.m */ = {isa = PBXFileReference; fileEncoding = 4; lastKnownFileType = sourcecode.c.objc; path = MJPhotoLoadingView.m; sourceTree = "<group>"; };
		68E292FE1F7A2D470096AEE9 /* MJPhotoProgressView.h */ = {isa = PBXFileReference; fileEncoding = 4; lastKnownFileType = sourcecode.c.h; path = MJPhotoProgressView.h; sourceTree = "<group>"; };
		68E292FF1F7A2D470096AEE9 /* MJPhotoProgressView.m */ = {isa = PBXFileReference; fileEncoding = 4; lastKnownFileType = sourcecode.c.objc; path = MJPhotoProgressView.m; sourceTree = "<group>"; };
		68E293001F7A2D470096AEE9 /* MJPhotoToolbar.h */ = {isa = PBXFileReference; fileEncoding = 4; lastKnownFileType = sourcecode.c.h; path = MJPhotoToolbar.h; sourceTree = "<group>"; };
		68E293011F7A2D470096AEE9 /* MJPhotoToolbar.m */ = {isa = PBXFileReference; fileEncoding = 4; lastKnownFileType = sourcecode.c.objc; path = MJPhotoToolbar.m; sourceTree = "<group>"; };
		68E293021F7A2D470096AEE9 /* MJPhotoView.h */ = {isa = PBXFileReference; fileEncoding = 4; lastKnownFileType = sourcecode.c.h; path = MJPhotoView.h; sourceTree = "<group>"; };
		68E293031F7A2D470096AEE9 /* MJPhotoView.m */ = {isa = PBXFileReference; fileEncoding = 4; lastKnownFileType = sourcecode.c.objc; path = MJPhotoView.m; sourceTree = "<group>"; };
		68E293041F7A2D470096AEE9 /* SDWebImageManager+MJ.h */ = {isa = PBXFileReference; fileEncoding = 4; lastKnownFileType = sourcecode.c.h; path = "SDWebImageManager+MJ.h"; sourceTree = "<group>"; };
		68E293051F7A2D470096AEE9 /* SDWebImageManager+MJ.m */ = {isa = PBXFileReference; fileEncoding = 4; lastKnownFileType = sourcecode.c.objc; path = "SDWebImageManager+MJ.m"; sourceTree = "<group>"; };
		68EB446B1F975A1600FD81CD /* UIScrollView+MPAdjustment.h */ = {isa = PBXFileReference; lastKnownFileType = sourcecode.c.h; path = "UIScrollView+MPAdjustment.h"; sourceTree = "<group>"; };
		68EB446C1F975A1600FD81CD /* UIScrollView+MPAdjustment.m */ = {isa = PBXFileReference; lastKnownFileType = sourcecode.c.objc; path = "UIScrollView+MPAdjustment.m"; sourceTree = "<group>"; };
		F1589F08E1AA1E64705DA808 /* libPods-LYPhotoSelector.a */ = {isa = PBXFileReference; explicitFileType = archive.ar; includeInIndex = 0; path = "libPods-LYPhotoSelector.a"; sourceTree = BUILT_PRODUCTS_DIR; };
/* End PBXFileReference section */

/* Begin PBXFrameworksBuildPhase section */
		0AE4C9881EB4B74600AC0ED0 /* Frameworks */ = {
			isa = PBXFrameworksBuildPhase;
			buildActionMask = 2147483647;
			files = (
				7942DF0A64F89BFE40E971FD /* libPods-LYPhotoSelector.a in Frameworks */,
			);
			runOnlyForDeploymentPostprocessing = 0;
		};
		0AE4C9A11EB4B74700AC0ED0 /* Frameworks */ = {
			isa = PBXFrameworksBuildPhase;
			buildActionMask = 2147483647;
			files = (
			);
			runOnlyForDeploymentPostprocessing = 0;
		};
/* End PBXFrameworksBuildPhase section */

/* Begin PBXGroup section */
		0AE4C9821EB4B74600AC0ED0 = {
			isa = PBXGroup;
			children = (
				0AE4C98D1EB4B74700AC0ED0 /* LYPhotoSelector */,
				0AE4C9A71EB4B74700AC0ED0 /* LYPhotoSelectorTests */,
				0AE4C98C1EB4B74700AC0ED0 /* Products */,
				A71C1A2AB3877C2B63774809 /* Pods */,
				1DB6DFA290BFB2785F165A32 /* Frameworks */,
			);
			sourceTree = "<group>";
		};
		0AE4C98C1EB4B74700AC0ED0 /* Products */ = {
			isa = PBXGroup;
			children = (
				0AE4C98B1EB4B74700AC0ED0 /* LYPhotoSelector.app */,
				0AE4C9A41EB4B74700AC0ED0 /* LYPhotoSelectorTests.xctest */,
			);
			name = Products;
			sourceTree = "<group>";
		};
		0AE4C98D1EB4B74700AC0ED0 /* LYPhotoSelector */ = {
			isa = PBXGroup;
			children = (
				68CF6C201F7917D800BA19AB /* OnlineApplication */,
				0AE4C9911EB4B74700AC0ED0 /* AppDelegate.h */,
				0AE4C9921EB4B74700AC0ED0 /* AppDelegate.m */,
				0AE4C9971EB4B74700AC0ED0 /* Main.storyboard */,
				0AE4C99A1EB4B74700AC0ED0 /* Assets.xcassets */,
				0AE4C99C1EB4B74700AC0ED0 /* LaunchScreen.storyboard */,
				0AE4C99F1EB4B74700AC0ED0 /* Info.plist */,
				0AE4C98E1EB4B74700AC0ED0 /* Supporting Files */,
			);
			path = LYPhotoSelector;
			sourceTree = "<group>";
		};
		0AE4C98E1EB4B74700AC0ED0 /* Supporting Files */ = {
			isa = PBXGroup;
			children = (
				0AE4C98F1EB4B74700AC0ED0 /* main.m */,
			);
			name = "Supporting Files";
			sourceTree = "<group>";
		};
		0AE4C9A71EB4B74700AC0ED0 /* LYPhotoSelectorTests */ = {
			isa = PBXGroup;
			children = (
				0AE4C9A81EB4B74700AC0ED0 /* LYPhotoSelectorTests.m */,
				0AE4C9AA1EB4B74700AC0ED0 /* Info.plist */,
			);
			path = LYPhotoSelectorTests;
			sourceTree = "<group>";
		};
		1DB6DFA290BFB2785F165A32 /* Frameworks */ = {
			isa = PBXGroup;
			children = (
				F1589F08E1AA1E64705DA808 /* libPods-LYPhotoSelector.a */,
			);
			name = Frameworks;
			sourceTree = "<group>";
		};
		68CF6C201F7917D800BA19AB /* OnlineApplication */ = {
			isa = PBXGroup;
			children = (
				68CF6C281F79248300BA19AB /* Categories */,
				68CF6C271F7920CB00BA19AB /* OnlineConst.h */,
				68CF6C261F791F6500BA19AB /* Controller */,
				68CF6C251F791F6500BA19AB /* Model */,
				68CF6C241F791F6500BA19AB /* View */,
			);
			path = OnlineApplication;
			sourceTree = "<group>";
		};
		68CF6C241F791F6500BA19AB /* View */ = {
			isa = PBXGroup;
			children = (
				68E292F61F7A2D470096AEE9 /* MJPhotoBrowser */,
				68E292D41F7A29030096AEE9 /* YQPhotoSelector */,
				68CF6C2C1F79285E00BA19AB /* UITableViewMaterialCell.h */,
				68CF6C2D1F79285E00BA19AB /* UITableViewMaterialCell.m */,
				68CF6C321F79357900BA19AB /* MaterialBtn.h */,
				68CF6C331F79357900BA19AB /* MaterialBtn.m */,
				68E292D11F79D75E0096AEE9 /* SubMaterialView.h */,
				68E292D21F79D75E0096AEE9 /* SubMaterialView.m */,
				686FF1881F960603007F90AA /* OnlineSectionHeaderView.h */,
				686FF1891F960603007F90AA /* OnlineSectionHeaderView.m */,
			);
			path = View;
			sourceTree = "<group>";
		};
		68CF6C251F791F6500BA19AB /* Model */ = {
			isa = PBXGroup;
			children = (
				68CF6C2F1F7928EC00BA19AB /* MaterialModel.h */,
				68CF6C301F7928EC00BA19AB /* MaterialModel.m */,
			);
			path = Model;
			sourceTree = "<group>";
		};
		68CF6C261F791F6500BA19AB /* Controller */ = {
			isa = PBXGroup;
			children = (
				68CF6C211F7917E700BA19AB /* OnlineApplicationViewController.h */,
				68CF6C221F7917E700BA19AB /* OnlineApplicationViewController.m */,
			);
			path = Controller;
			sourceTree = "<group>";
		};
		68CF6C281F79248300BA19AB /* Categories */ = {
			isa = PBXGroup;
			children = (
				68EB446B1F975A1600FD81CD /* UIScrollView+MPAdjustment.h */,
				68EB446C1F975A1600FD81CD /* UIScrollView+MPAdjustment.m */,
				68CF6C291F79248300BA19AB /* NSString+YYQExtension.h */,
				68CF6C2A1F79248300BA19AB /* NSString+YYQExtension.m */,
			);
			path = Categories;
			sourceTree = "<group>";
		};
		68E292D41F7A29030096AEE9 /* YQPhotoSelector */ = {
			isa = PBXGroup;
			children = (
				68E292D51F7A29030096AEE9 /* View */,
				68E292E01F7A29030096AEE9 /* YQAlbumListViewController.h */,
				68E292E11F7A29030096AEE9 /* YQAlbumListViewController.m */,
				68E292E21F7A29030096AEE9 /* YQPhotoAnimationMnager.h */,
				68E292E31F7A29030096AEE9 /* YQPhotoAnimationMnager.m */,
				68E292E41F7A29030096AEE9 /* YQPhotoHelper.h */,
				68E292E51F7A29030096AEE9 /* YQPhotoHelper.m */,
				68E292E61F7A29030096AEE9 /* YQPhotoPickViewController.h */,
				68E292E71F7A29030096AEE9 /* YQPhotoPickViewController.m */,
				68E292E81F7A29030096AEE9 /* YQPhotoSelectController.h */,
				68E292E91F7A29030096AEE9 /* YQPhotoSelectController.m */,
				68E292EA1F7A29030096AEE9 /* YQSelectorCommon.h */,
			);
			path = YQPhotoSelector;
			sourceTree = "<group>";
		};
		68E292D51F7A29030096AEE9 /* View */ = {
			isa = PBXGroup;
			children = (
				68E292D61F7A29030096AEE9 /* PhotoPickCollectionViewCell.h */,
				68E292D71F7A29030096AEE9 /* PhotoPickCollectionViewCell.m */,
				68E292D81F7A29030096AEE9 /* YQAlbumListTableViewCell.h */,
				68E292D91F7A29030096AEE9 /* YQAlbumListTableViewCell.m */,
				68E292DA1F7A29030096AEE9 /* YQAlbumListTableViewCell.xib */,
				68E292DB1F7A29030096AEE9 /* YQPhotoSelector.bundle */,
				68E292DC1F7A29030096AEE9 /* YQPhotoSelectorHUD.h */,
				68E292DD1F7A29030096AEE9 /* YQPhotoSelectorHUD.m */,
				68E292DE1F7A29030096AEE9 /* YQPhotoSelectorToolView.h */,
				68E292DF1F7A29030096AEE9 /* YQPhotoSelectorToolView.m */,
			);
			path = View;
			sourceTree = "<group>";
		};
		68E292F61F7A2D470096AEE9 /* MJPhotoBrowser */ = {
			isa = PBXGroup;
			children = (
				68E292F71F7A2D470096AEE9 /* MJPhoto.h */,
				68E292F81F7A2D470096AEE9 /* MJPhoto.m */,
				68E292F91F7A2D470096AEE9 /* MJPhotoBrowser.bundle */,
				68E292FA1F7A2D470096AEE9 /* MJPhotoBrowser.h */,
				68E292FB1F7A2D470096AEE9 /* MJPhotoBrowser.m */,
				68E292FC1F7A2D470096AEE9 /* MJPhotoLoadingView.h */,
				68E292FD1F7A2D470096AEE9 /* MJPhotoLoadingView.m */,
				68E292FE1F7A2D470096AEE9 /* MJPhotoProgressView.h */,
				68E292FF1F7A2D470096AEE9 /* MJPhotoProgressView.m */,
				68E293001F7A2D470096AEE9 /* MJPhotoToolbar.h */,
				68E293011F7A2D470096AEE9 /* MJPhotoToolbar.m */,
				68E293021F7A2D470096AEE9 /* MJPhotoView.h */,
				68E293031F7A2D470096AEE9 /* MJPhotoView.m */,
				68E293041F7A2D470096AEE9 /* SDWebImageManager+MJ.h */,
				68E293051F7A2D470096AEE9 /* SDWebImageManager+MJ.m */,
			);
			path = MJPhotoBrowser;
			sourceTree = "<group>";
		};
		A71C1A2AB3877C2B63774809 /* Pods */ = {
			isa = PBXGroup;
			children = (
				5D604D974DCC06C208AE14A1 /* Pods-LYPhotoSelector.debug.xcconfig */,
				2F73697B6AFCFBD937A064AC /* Pods-LYPhotoSelector.release.xcconfig */,
			);
			name = Pods;
			sourceTree = "<group>";
		};
/* End PBXGroup section */

/* Begin PBXNativeTarget section */
		0AE4C98A1EB4B74600AC0ED0 /* LYPhotoSelector */ = {
			isa = PBXNativeTarget;
			buildConfigurationList = 0AE4C9AD1EB4B74700AC0ED0 /* Build configuration list for PBXNativeTarget "LYPhotoSelector" */;
			buildPhases = (
				9C4B0A24CE768F87BFF1BF5C /* [CP] Check Pods Manifest.lock */,
				0AE4C9871EB4B74600AC0ED0 /* Sources */,
				0AE4C9881EB4B74600AC0ED0 /* Frameworks */,
				0AE4C9891EB4B74600AC0ED0 /* Resources */,
				0BDDE70089D5D7D54EF470C9 /* [CP] Embed Pods Frameworks */,
				3CFF14C24A42FB34D93D0633 /* [CP] Copy Pods Resources */,
			);
			buildRules = (
			);
			dependencies = (
			);
			name = LYPhotoSelector;
			productName = LYPhotoSelector;
			productReference = 0AE4C98B1EB4B74700AC0ED0 /* LYPhotoSelector.app */;
			productType = "com.apple.product-type.application";
		};
		0AE4C9A31EB4B74700AC0ED0 /* LYPhotoSelectorTests */ = {
			isa = PBXNativeTarget;
			buildConfigurationList = 0AE4C9B01EB4B74700AC0ED0 /* Build configuration list for PBXNativeTarget "LYPhotoSelectorTests" */;
			buildPhases = (
				0AE4C9A01EB4B74700AC0ED0 /* Sources */,
				0AE4C9A11EB4B74700AC0ED0 /* Frameworks */,
				0AE4C9A21EB4B74700AC0ED0 /* Resources */,
			);
			buildRules = (
			);
			dependencies = (
				0AE4C9A61EB4B74700AC0ED0 /* PBXTargetDependency */,
			);
			name = LYPhotoSelectorTests;
			productName = LYPhotoSelectorTests;
			productReference = 0AE4C9A41EB4B74700AC0ED0 /* LYPhotoSelectorTests.xctest */;
			productType = "com.apple.product-type.bundle.unit-test";
		};
/* End PBXNativeTarget section */

/* Begin PBXProject section */
		0AE4C9831EB4B74600AC0ED0 /* Project object */ = {
			isa = PBXProject;
			attributes = {
				LastUpgradeCheck = 0820;
				ORGANIZATIONNAME = Calvix;
				TargetAttributes = {
					0AE4C98A1EB4B74600AC0ED0 = {
						CreatedOnToolsVersion = 8.2;
						DevelopmentTeam = 3SG3638V3D;
						ProvisioningStyle = Automatic;
					};
					0AE4C9A31EB4B74700AC0ED0 = {
						CreatedOnToolsVersion = 8.2;
						DevelopmentTeam = 9RSGR3R3FH;
						ProvisioningStyle = Automatic;
						TestTargetID = 0AE4C98A1EB4B74600AC0ED0;
					};
				};
			};
			buildConfigurationList = 0AE4C9861EB4B74600AC0ED0 /* Build configuration list for PBXProject "LYPhotoSelector" */;
			compatibilityVersion = "Xcode 3.2";
			developmentRegion = English;
			hasScannedForEncodings = 0;
			knownRegions = (
				en,
				Base,
			);
			mainGroup = 0AE4C9821EB4B74600AC0ED0;
			productRefGroup = 0AE4C98C1EB4B74700AC0ED0 /* Products */;
			projectDirPath = "";
			projectRoot = "";
			targets = (
				0AE4C98A1EB4B74600AC0ED0 /* LYPhotoSelector */,
				0AE4C9A31EB4B74700AC0ED0 /* LYPhotoSelectorTests */,
			);
		};
/* End PBXProject section */

/* Begin PBXResourcesBuildPhase section */
		0AE4C9891EB4B74600AC0ED0 /* Resources */ = {
			isa = PBXResourcesBuildPhase;
			buildActionMask = 2147483647;
			files = (
				68E293071F7A2D470096AEE9 /* MJPhotoBrowser.bundle in Resources */,
				0AE4C99E1EB4B74700AC0ED0 /* LaunchScreen.storyboard in Resources */,
				0AE4C99B1EB4B74700AC0ED0 /* Assets.xcassets in Resources */,
				68E292EE1F7A29030096AEE9 /* YQPhotoSelector.bundle in Resources */,
				0AE4C9991EB4B74700AC0ED0 /* Main.storyboard in Resources */,
				68E292ED1F7A29030096AEE9 /* YQAlbumListTableViewCell.xib in Resources */,
			);
			runOnlyForDeploymentPostprocessing = 0;
		};
		0AE4C9A21EB4B74700AC0ED0 /* Resources */ = {
			isa = PBXResourcesBuildPhase;
			buildActionMask = 2147483647;
			files = (
			);
			runOnlyForDeploymentPostprocessing = 0;
		};
/* End PBXResourcesBuildPhase section */

/* Begin PBXShellScriptBuildPhase section */
		0BDDE70089D5D7D54EF470C9 /* [CP] Embed Pods Frameworks */ = {
			isa = PBXShellScriptBuildPhase;
			buildActionMask = 2147483647;
			files = (
			);
			inputPaths = (
			);
			name = "[CP] Embed Pods Frameworks";
			outputPaths = (
			);
			runOnlyForDeploymentPostprocessing = 0;
			shellPath = /bin/sh;
			shellScript = "\"${SRCROOT}/Pods/Target Support Files/Pods-LYPhotoSelector/Pods-LYPhotoSelector-frameworks.sh\"\n";
			showEnvVarsInLog = 0;
		};
		3CFF14C24A42FB34D93D0633 /* [CP] Copy Pods Resources */ = {
			isa = PBXShellScriptBuildPhase;
			buildActionMask = 2147483647;
			files = (
			);
			inputPaths = (
			);
			name = "[CP] Copy Pods Resources";
			outputPaths = (
			);
			runOnlyForDeploymentPostprocessing = 0;
			shellPath = /bin/sh;
			shellScript = "\"${SRCROOT}/Pods/Target Support Files/Pods-LYPhotoSelector/Pods-LYPhotoSelector-resources.sh\"\n";
			showEnvVarsInLog = 0;
		};
		9C4B0A24CE768F87BFF1BF5C /* [CP] Check Pods Manifest.lock */ = {
			isa = PBXShellScriptBuildPhase;
			buildActionMask = 2147483647;
			files = (
			);
			inputPaths = (
				"${PODS_PODFILE_DIR_PATH}/Podfile.lock",
				"${PODS_ROOT}/Manifest.lock",
			);
			name = "[CP] Check Pods Manifest.lock";
			outputPaths = (
				"$(DERIVED_FILE_DIR)/Pods-LYPhotoSelector-checkManifestLockResult.txt",
			);
			runOnlyForDeploymentPostprocessing = 0;
			shellPath = /bin/sh;
			shellScript = "diff \"${PODS_PODFILE_DIR_PATH}/Podfile.lock\" \"${PODS_ROOT}/Manifest.lock\" > /dev/null\nif [ $? != 0 ] ; then\n    # print error to STDERR\n    echo \"error: The sandbox is not in sync with the Podfile.lock. Run 'pod install' or update your CocoaPods installation.\" >&2\n    exit 1\nfi\n# This output is used by Xcode 'outputs' to avoid re-running this script phase.\necho \"SUCCESS\" > \"${SCRIPT_OUTPUT_FILE_0}\"\n";
			showEnvVarsInLog = 0;
		};
/* End PBXShellScriptBuildPhase section */

/* Begin PBXSourcesBuildPhase section */
		0AE4C9871EB4B74600AC0ED0 /* Sources */ = {
			isa = PBXSourcesBuildPhase;
			buildActionMask = 2147483647;
			files = (
				68E292EB1F7A29030096AEE9 /* PhotoPickCollectionViewCell.m in Sources */,
				68E2930A1F7A2D470096AEE9 /* MJPhotoProgressView.m in Sources */,
				0AE4C9931EB4B74700AC0ED0 /* AppDelegate.m in Sources */,
				686FF18A1F960603007F90AA /* OnlineSectionHeaderView.m in Sources */,
				68CF6C2E1F79285E00BA19AB /* UITableViewMaterialCell.m in Sources */,
				68E292F31F7A29040096AEE9 /* YQPhotoHelper.m in Sources */,
				68E2930B1F7A2D470096AEE9 /* MJPhotoToolbar.m in Sources */,
				68CF6C341F79357900BA19AB /* MaterialBtn.m in Sources */,
				68E2930C1F7A2D470096AEE9 /* MJPhotoView.m in Sources */,
				68CF6C231F7917E700BA19AB /* OnlineApplicationViewController.m in Sources */,
				68E293061F7A2D470096AEE9 /* MJPhoto.m in Sources */,
				68CF6C311F7928EC00BA19AB /* MaterialModel.m in Sources */,
				68E292F11F7A29040096AEE9 /* YQAlbumListViewController.m in Sources */,
				68CF6C2B1F79248300BA19AB /* NSString+YYQExtension.m in Sources */,
				68E2930D1F7A2D470096AEE9 /* SDWebImageManager+MJ.m in Sources */,
				68E293091F7A2D470096AEE9 /* MJPhotoLoadingView.m in Sources */,
				68EB446D1F975A1600FD81CD /* UIScrollView+MPAdjustment.m in Sources */,
				68E292D31F79D75E0096AEE9 /* SubMaterialView.m in Sources */,
				68E292EC1F7A29030096AEE9 /* YQAlbumListTableViewCell.m in Sources */,
				68E292EF1F7A29030096AEE9 /* YQPhotoSelectorHUD.m in Sources */,
				68E292F21F7A29040096AEE9 /* YQPhotoAnimationMnager.m in Sources */,
				68E292F51F7A29040096AEE9 /* YQPhotoSelectController.m in Sources */,
				68E293081F7A2D470096AEE9 /* MJPhotoBrowser.m in Sources */,
				68E292F01F7A29030096AEE9 /* YQPhotoSelectorToolView.m in Sources */,
				0AE4C9901EB4B74700AC0ED0 /* main.m in Sources */,
				68E292F41F7A29040096AEE9 /* YQPhotoPickViewController.m in Sources */,
			);
			runOnlyForDeploymentPostprocessing = 0;
		};
		0AE4C9A01EB4B74700AC0ED0 /* Sources */ = {
			isa = PBXSourcesBuildPhase;
			buildActionMask = 2147483647;
			files = (
			);
			runOnlyForDeploymentPostprocessing = 0;
		};
/* End PBXSourcesBuildPhase section */

/* Begin PBXTargetDependency section */
		0AE4C9A61EB4B74700AC0ED0 /* PBXTargetDependency */ = {
			isa = PBXTargetDependency;
			target = 0AE4C98A1EB4B74600AC0ED0 /* LYPhotoSelector */;
			targetProxy = 0AE4C9A51EB4B74700AC0ED0 /* PBXContainerItemProxy */;
		};
/* End PBXTargetDependency section */

/* Begin PBXVariantGroup section */
		0AE4C9971EB4B74700AC0ED0 /* Main.storyboard */ = {
			isa = PBXVariantGroup;
			children = (
				0AE4C9981EB4B74700AC0ED0 /* Base */,
			);
			name = Main.storyboard;
			sourceTree = "<group>";
		};
		0AE4C99C1EB4B74700AC0ED0 /* LaunchScreen.storyboard */ = {
			isa = PBXVariantGroup;
			children = (
				0AE4C99D1EB4B74700AC0ED0 /* Base */,
			);
			name = LaunchScreen.storyboard;
			sourceTree = "<group>";
		};
/* End PBXVariantGroup section */

/* Begin XCBuildConfiguration section */
		0AE4C9AB1EB4B74700AC0ED0 /* Debug */ = {
			isa = XCBuildConfiguration;
			buildSettings = {
				ALWAYS_SEARCH_USER_PATHS = NO;
				CLANG_ANALYZER_NONNULL = YES;
				CLANG_CXX_LANGUAGE_STANDARD = "gnu++0x";
				CLANG_CXX_LIBRARY = "libc++";
				CLANG_ENABLE_MODULES = YES;
				CLANG_ENABLE_OBJC_ARC = YES;
				CLANG_WARN_BOOL_CONVERSION = YES;
				CLANG_WARN_CONSTANT_CONVERSION = YES;
				CLANG_WARN_DIRECT_OBJC_ISA_USAGE = YES_ERROR;
				CLANG_WARN_DOCUMENTATION_COMMENTS = YES;
				CLANG_WARN_EMPTY_BODY = YES;
				CLANG_WARN_ENUM_CONVERSION = YES;
				CLANG_WARN_INFINITE_RECURSION = YES;
				CLANG_WARN_INT_CONVERSION = YES;
				CLANG_WARN_OBJC_ROOT_CLASS = YES_ERROR;
				CLANG_WARN_SUSPICIOUS_MOVE = YES;
				CLANG_WARN_UNREACHABLE_CODE = YES;
				CLANG_WARN__DUPLICATE_METHOD_MATCH = YES;
				"CODE_SIGN_IDENTITY[sdk=iphoneos*]" = "iPhone Developer";
				COPY_PHASE_STRIP = NO;
				DEBUG_INFORMATION_FORMAT = dwarf;
				ENABLE_STRICT_OBJC_MSGSEND = YES;
				ENABLE_TESTABILITY = YES;
				GCC_C_LANGUAGE_STANDARD = gnu99;
				GCC_DYNAMIC_NO_PIC = NO;
				GCC_NO_COMMON_BLOCKS = YES;
				GCC_OPTIMIZATION_LEVEL = 0;
				GCC_PREPROCESSOR_DEFINITIONS = (
					"DEBUG=1",
					"$(inherited)",
				);
				GCC_WARN_64_TO_32_BIT_CONVERSION = YES;
				GCC_WARN_ABOUT_RETURN_TYPE = YES_ERROR;
				GCC_WARN_UNDECLARED_SELECTOR = YES;
				GCC_WARN_UNINITIALIZED_AUTOS = YES_AGGRESSIVE;
				GCC_WARN_UNUSED_FUNCTION = YES;
				GCC_WARN_UNUSED_VARIABLE = YES;
				IPHONEOS_DEPLOYMENT_TARGET = 8.0;
				MTL_ENABLE_DEBUG_INFO = YES;
				ONLY_ACTIVE_ARCH = YES;
				SDKROOT = iphoneos;
				TARGETED_DEVICE_FAMILY = "1,2";
			};
			name = Debug;
		};
		0AE4C9AC1EB4B74700AC0ED0 /* Release */ = {
			isa = XCBuildConfiguration;
			buildSettings = {
				ALWAYS_SEARCH_USER_PATHS = NO;
				CLANG_ANALYZER_NONNULL = YES;
				CLANG_CXX_LANGUAGE_STANDARD = "gnu++0x";
				CLANG_CXX_LIBRARY = "libc++";
				CLANG_ENABLE_MODULES = YES;
				CLANG_ENABLE_OBJC_ARC = YES;
				CLANG_WARN_BOOL_CONVERSION = YES;
				CLANG_WARN_CONSTANT_CONVERSION = YES;
				CLANG_WARN_DIRECT_OBJC_ISA_USAGE = YES_ERROR;
				CLANG_WARN_DOCUMENTATION_COMMENTS = YES;
				CLANG_WARN_EMPTY_BODY = YES;
				CLANG_WARN_ENUM_CONVERSION = YES;
				CLANG_WARN_INFINITE_RECURSION = YES;
				CLANG_WARN_INT_CONVERSION = YES;
				CLANG_WARN_OBJC_ROOT_CLASS = YES_ERROR;
				CLANG_WARN_SUSPICIOUS_MOVE = YES;
				CLANG_WARN_UNREACHABLE_CODE = YES;
				CLANG_WARN__DUPLICATE_METHOD_MATCH = YES;
				"CODE_SIGN_IDENTITY[sdk=iphoneos*]" = "iPhone Developer";
				COPY_PHASE_STRIP = NO;
				DEBUG_INFORMATION_FORMAT = "dwarf-with-dsym";
				ENABLE_NS_ASSERTIONS = NO;
				ENABLE_STRICT_OBJC_MSGSEND = YES;
				GCC_C_LANGUAGE_STANDARD = gnu99;
				GCC_NO_COMMON_BLOCKS = YES;
				GCC_WARN_64_TO_32_BIT_CONVERSION = YES;
				GCC_WARN_ABOUT_RETURN_TYPE = YES_ERROR;
				GCC_WARN_UNDECLARED_SELECTOR = YES;
				GCC_WARN_UNINITIALIZED_AUTOS = YES_AGGRESSIVE;
				GCC_WARN_UNUSED_FUNCTION = YES;
				GCC_WARN_UNUSED_VARIABLE = YES;
				IPHONEOS_DEPLOYMENT_TARGET = 8.0;
				MTL_ENABLE_DEBUG_INFO = NO;
				SDKROOT = iphoneos;
				TARGETED_DEVICE_FAMILY = "1,2";
				VALIDATE_PRODUCT = YES;
			};
			name = Release;
		};
		0AE4C9AE1EB4B74700AC0ED0 /* Debug */ = {
			isa = XCBuildConfiguration;
			baseConfigurationReference = 5D604D974DCC06C208AE14A1 /* Pods-LYPhotoSelector.debug.xcconfig */;
			buildSettings = {
				ASSETCATALOG_COMPILER_APPICON_NAME = AppIcon;
				DEVELOPMENT_TEAM = 3SG3638V3D;
				INFOPLIST_FILE = LYPhotoSelector/Info.plist;
				IPHONEOS_DEPLOYMENT_TARGET = 8.0;
				LD_RUNPATH_SEARCH_PATHS = "$(inherited) @executable_path/Frameworks";
				PRODUCT_BUNDLE_IDENTIFIER = cn.edu.scnu.calvix.LYPhotoSelector;
				PRODUCT_NAME = "$(TARGET_NAME)";
			};
			name = Debug;
		};
		0AE4C9AF1EB4B74700AC0ED0 /* Release */ = {
			isa = XCBuildConfiguration;
			baseConfigurationReference = 2F73697B6AFCFBD937A064AC /* Pods-LYPhotoSelector.release.xcconfig */;
			buildSettings = {
				ASSETCATALOG_COMPILER_APPICON_NAME = AppIcon;
				DEVELOPMENT_TEAM = 3SG3638V3D;
				INFOPLIST_FILE = LYPhotoSelector/Info.plist;
				IPHONEOS_DEPLOYMENT_TARGET = 8.0;
				LD_RUNPATH_SEARCH_PATHS = "$(inherited) @executable_path/Frameworks";
				PRODUCT_BUNDLE_IDENTIFIER = cn.edu.scnu.calvix.LYPhotoSelector;
				PRODUCT_NAME = "$(TARGET_NAME)";
			};
			name = Release;
		};
		0AE4C9B11EB4B74700AC0ED0 /* Debug */ = {
			isa = XCBuildConfiguration;
			buildSettings = {
				BUNDLE_LOADER = "$(TEST_HOST)";
				DEVELOPMENT_TEAM = 9RSGR3R3FH;
				INFOPLIST_FILE = LYPhotoSelectorTests/Info.plist;
				LD_RUNPATH_SEARCH_PATHS = "$(inherited) @executable_path/Frameworks @loader_path/Frameworks";
				PRODUCT_BUNDLE_IDENTIFIER = cn.edu.scnu.calvix.LYPhotoSelectorTests;
				PRODUCT_NAME = "$(TARGET_NAME)";
				TEST_HOST = "$(BUILT_PRODUCTS_DIR)/LYPhotoSelector.app/LYPhotoSelector";
			};
			name = Debug;
		};
		0AE4C9B21EB4B74700AC0ED0 /* Release */ = {
			isa = XCBuildConfiguration;
			buildSettings = {
				BUNDLE_LOADER = "$(TEST_HOST)";
				DEVELOPMENT_TEAM = 9RSGR3R3FH;
				INFOPLIST_FILE = LYPhotoSelectorTests/Info.plist;
				LD_RUNPATH_SEARCH_PATHS = "$(inherited) @executable_path/Frameworks @loader_path/Frameworks";
				PRODUCT_BUNDLE_IDENTIFIER = cn.edu.scnu.calvix.LYPhotoSelectorTests;
				PRODUCT_NAME = "$(TARGET_NAME)";
				TEST_HOST = "$(BUILT_PRODUCTS_DIR)/LYPhotoSelector.app/LYPhotoSelector";
			};
			name = Release;
		};
/* End XCBuildConfiguration section */

/* Begin XCConfigurationList section */
		0AE4C9861EB4B74600AC0ED0 /* Build configuration list for PBXProject "LYPhotoSelector" */ = {
			isa = XCConfigurationList;
			buildConfigurations = (
				0AE4C9AB1EB4B74700AC0ED0 /* Debug */,
				0AE4C9AC1EB4B74700AC0ED0 /* Release */,
			);
			defaultConfigurationIsVisible = 0;
			defaultConfigurationName = Release;
		};
		0AE4C9AD1EB4B74700AC0ED0 /* Build configuration list for PBXNativeTarget "LYPhotoSelector" */ = {
			isa = XCConfigurationList;
			buildConfigurations = (
				0AE4C9AE1EB4B74700AC0ED0 /* Debug */,
				0AE4C9AF1EB4B74700AC0ED0 /* Release */,
			);
			defaultConfigurationIsVisible = 0;
			defaultConfigurationName = Release;
		};
		0AE4C9B01EB4B74700AC0ED0 /* Build configuration list for PBXNativeTarget "LYPhotoSelectorTests" */ = {
			isa = XCConfigurationList;
			buildConfigurations = (
				0AE4C9B11EB4B74700AC0ED0 /* Debug */,
				0AE4C9B21EB4B74700AC0ED0 /* Release */,
			);
			defaultConfigurationIsVisible = 0;
			defaultConfigurationName = Release;
		};
/* End XCConfigurationList section */
	};
	rootObject = 0AE4C9831EB4B74600AC0ED0 /* Project object */;
}
